// !$*UTF8*$!
{
	archiveVersion = 1;
	classes = {
	};
	objectVersion = 56;
	objects = {

/* Begin PBXBuildFile section */
		B78F2A462A016FF6008B276D /* ExpenseTrackerApp.swift in Sources */ = {isa = PBXBuildFile; fileRef = B78F2A452A016FF6008B276D /* ExpenseTrackerApp.swift */; };
		B78F2A482A016FF6008B276D /* ContentView.swift in Sources */ = {isa = PBXBuildFile; fileRef = B78F2A472A016FF6008B276D /* ContentView.swift */; };
		B78F2A4A2A016FF8008B276D /* Assets.xcassets in Resources */ = {isa = PBXBuildFile; fileRef = B78F2A492A016FF8008B276D /* Assets.xcassets */; };
		B78F2A4D2A016FF8008B276D /* Preview Assets.xcassets in Resources */ = {isa = PBXBuildFile; fileRef = B78F2A4C2A016FF8008B276D /* Preview Assets.xcassets */; };
		B78F2A542A0171EB008B276D /* Extensions.swift in Sources */ = {isa = PBXBuildFile; fileRef = B78F2A532A0171EB008B276D /* Extensions.swift */; };
		B78F2A562A017574008B276D /* TransactionModel.swift in Sources */ = {isa = PBXBuildFile; fileRef = B78F2A552A017574008B276D /* TransactionModel.swift */; };
		B78F2A582A0176E1008B276D /* PreviewData.swift in Sources */ = {isa = PBXBuildFile; fileRef = B78F2A572A0176E1008B276D /* PreviewData.swift */; };
		B78F2A5C2A017810008B276D /* TransactionRow.swift in Sources */ = {isa = PBXBuildFile; fileRef = B78F2A5B2A017810008B276D /* TransactionRow.swift */; };
		B78F2A5F2A017E76008B276D /* SwiftUIFontIcon in Frameworks */ = {isa = PBXBuildFile; productRef = B78F2A5E2A017E76008B276D /* SwiftUIFontIcon */; };
		B78F2A612A017F79008B276D /* TransactionListViewModel.swift in Sources */ = {isa = PBXBuildFile; fileRef = B78F2A602A017F79008B276D /* TransactionListViewModel.swift */; };
		B78F2A632A01863A008B276D /* RecentTransactionList.swift in Sources */ = {isa = PBXBuildFile; fileRef = B78F2A622A01863A008B276D /* RecentTransactionList.swift */; };
		B78F2A652A0198C5008B276D /* TransactionList.swift in Sources */ = {isa = PBXBuildFile; fileRef = B78F2A642A0198C5008B276D /* TransactionList.swift */; };
		B78F2A682A019D4B008B276D /* Collections in Frameworks */ = {isa = PBXBuildFile; productRef = B78F2A672A019D4B008B276D /* Collections */; };
		B78F2A6B2A019E4A008B276D /* SwiftUICharts in Frameworks */ = {isa = PBXBuildFile; productRef = B78F2A6A2A019E4A008B276D /* SwiftUICharts */; };
/* End PBXBuildFile section */

/* Begin PBXFileReference section */
		B78F2A422A016FF6008B276D /* ExpenseTracker.app */ = {isa = PBXFileReference; explicitFileType = wrapper.application; includeInIndex = 0; path = ExpenseTracker.app; sourceTree = BUILT_PRODUCTS_DIR; };
		B78F2A452A016FF6008B276D /* ExpenseTrackerApp.swift */ = {isa = PBXFileReference; lastKnownFileType = sourcecode.swift; path = ExpenseTrackerApp.swift; sourceTree = "<group>"; };
		B78F2A472A016FF6008B276D /* ContentView.swift */ = {isa = PBXFileReference; lastKnownFileType = sourcecode.swift; path = ContentView.swift; sourceTree = "<group>"; };
		B78F2A492A016FF8008B276D /* Assets.xcassets */ = {isa = PBXFileReference; lastKnownFileType = folder.assetcatalog; path = Assets.xcassets; sourceTree = "<group>"; };
		B78F2A4C2A016FF8008B276D /* Preview Assets.xcassets */ = {isa = PBXFileReference; lastKnownFileType = folder.assetcatalog; path = "Preview Assets.xcassets"; sourceTree = "<group>"; };
		B78F2A532A0171EB008B276D /* Extensions.swift */ = {isa = PBXFileReference; lastKnownFileType = sourcecode.swift; path = Extensions.swift; sourceTree = "<group>"; };
		B78F2A552A017574008B276D /* TransactionModel.swift */ = {isa = PBXFileReference; lastKnownFileType = sourcecode.swift; path = TransactionModel.swift; sourceTree = "<group>"; };
		B78F2A572A0176E1008B276D /* PreviewData.swift */ = {isa = PBXFileReference; lastKnownFileType = sourcecode.swift; path = PreviewData.swift; sourceTree = "<group>"; };
		B78F2A5B2A017810008B276D /* TransactionRow.swift */ = {isa = PBXFileReference; lastKnownFileType = sourcecode.swift; path = TransactionRow.swift; sourceTree = "<group>"; };
		B78F2A602A017F79008B276D /* TransactionListViewModel.swift */ = {isa = PBXFileReference; lastKnownFileType = sourcecode.swift; path = TransactionListViewModel.swift; sourceTree = "<group>"; };
		B78F2A622A01863A008B276D /* RecentTransactionList.swift */ = {isa = PBXFileReference; lastKnownFileType = sourcecode.swift; path = RecentTransactionList.swift; sourceTree = "<group>"; };
		B78F2A642A0198C5008B276D /* TransactionList.swift */ = {isa = PBXFileReference; lastKnownFileType = sourcecode.swift; path = TransactionList.swift; sourceTree = "<group>"; };
/* End PBXFileReference section */

/* Begin PBXFrameworksBuildPhase section */
		B78F2A3F2A016FF6008B276D /* Frameworks */ = {
			isa = PBXFrameworksBuildPhase;
			buildActionMask = 2147483647;
			files = (
				B78F2A6B2A019E4A008B276D /* SwiftUICharts in Frameworks */,
				B78F2A682A019D4B008B276D /* Collections in Frameworks */,
				B78F2A5F2A017E76008B276D /* SwiftUIFontIcon in Frameworks */,
			);
			runOnlyForDeploymentPostprocessing = 0;
		};
/* End PBXFrameworksBuildPhase section */

/* Begin PBXGroup section */
		B78F2A392A016FF6008B276D = {
			isa = PBXGroup;
			children = (
				B78F2A442A016FF6008B276D /* ExpenseTracker */,
				B78F2A432A016FF6008B276D /* Products */,
			);
			sourceTree = "<group>";
		};
		B78F2A432A016FF6008B276D /* Products */ = {
			isa = PBXGroup;
			children = (
				B78F2A422A016FF6008B276D /* ExpenseTracker.app */,
			);
			name = Products;
			sourceTree = "<group>";
		};
		B78F2A442A016FF6008B276D /* ExpenseTracker */ = {
			isa = PBXGroup;
			children = (
				B78F2A452A016FF6008B276D /* ExpenseTrackerApp.swift */,
				B78F2A472A016FF6008B276D /* ContentView.swift */,
				B78F2A622A01863A008B276D /* RecentTransactionList.swift */,
				B78F2A642A0198C5008B276D /* TransactionList.swift */,
				B78F2A5B2A017810008B276D /* TransactionRow.swift */,
				B78F2A602A017F79008B276D /* TransactionListViewModel.swift */,
				B78F2A552A017574008B276D /* TransactionModel.swift */,
				B78F2A532A0171EB008B276D /* Extensions.swift */,
				B78F2A492A016FF8008B276D /* Assets.xcassets */,
				B78F2A4B2A016FF8008B276D /* Preview Content */,
			);
			path = ExpenseTracker;
			sourceTree = "<group>";
		};
		B78F2A4B2A016FF8008B276D /* Preview Content */ = {
			isa = PBXGroup;
			children = (
				B78F2A4C2A016FF8008B276D /* Preview Assets.xcassets */,
				B78F2A572A0176E1008B276D /* PreviewData.swift */,
			);
			path = "Preview Content";
			sourceTree = "<group>";
		};
/* End PBXGroup section */

/* Begin PBXNativeTarget section */
		B78F2A412A016FF6008B276D /* ExpenseTracker */ = {
			isa = PBXNativeTarget;
			buildConfigurationList = B78F2A502A016FF8008B276D /* Build configuration list for PBXNativeTarget "ExpenseTracker" */;
			buildPhases = (
				B78F2A3E2A016FF6008B276D /* Sources */,
				B78F2A3F2A016FF6008B276D /* Frameworks */,
				B78F2A402A016FF6008B276D /* Resources */,
			);
			buildRules = (
			);
			dependencies = (
			);
			name = ExpenseTracker;
			packageProductDependencies = (
				B78F2A5E2A017E76008B276D /* SwiftUIFontIcon */,
				B78F2A672A019D4B008B276D /* Collections */,
				B78F2A6A2A019E4A008B276D /* SwiftUICharts */,
			);
			productName = ExpenseTracker;
			productReference = B78F2A422A016FF6008B276D /* ExpenseTracker.app */;
			productType = "com.apple.product-type.application";
		};
/* End PBXNativeTarget section */

/* Begin PBXProject section */
		B78F2A3A2A016FF6008B276D /* Project object */ = {
			isa = PBXProject;
			attributes = {
				BuildIndependentTargetsInParallel = 1;
				LastSwiftUpdateCheck = 1420;
				LastUpgradeCheck = 1420;
				TargetAttributes = {
					B78F2A412A016FF6008B276D = {
						CreatedOnToolsVersion = 14.2;
					};
				};
			};
			buildConfigurationList = B78F2A3D2A016FF6008B276D /* Build configuration list for PBXProject "ExpenseTracker" */;
			compatibilityVersion = "Xcode 14.0";
			developmentRegion = en;
			hasScannedForEncodings = 0;
			knownRegions = (
				en,
				Base,
			);
			mainGroup = B78F2A392A016FF6008B276D;
			packageReferences = (
				B78F2A5D2A017E76008B276D /* XCRemoteSwiftPackageReference "SwiftUIFontIcon" */,
				B78F2A662A019D4B008B276D /* XCRemoteSwiftPackageReference "swift-collections" */,
				B78F2A692A019E4A008B276D /* XCRemoteSwiftPackageReference "ChartView" */,
			);
			productRefGroup = B78F2A432A016FF6008B276D /* Products */;
			projectDirPath = "";
			projectRoot = "";
			targets = (
				B78F2A412A016FF6008B276D /* ExpenseTracker */,
			);
		};
/* End PBXProject section */

/* Begin PBXResourcesBuildPhase section */
		B78F2A402A016FF6008B276D /* Resources */ = {
			isa = PBXResourcesBuildPhase;
			buildActionMask = 2147483647;
			files = (
				B78F2A4D2A016FF8008B276D /* Preview Assets.xcassets in Resources */,
				B78F2A4A2A016FF8008B276D /* Assets.xcassets in Resources */,
			);
			runOnlyForDeploymentPostprocessing = 0;
		};
/* End PBXResourcesBuildPhase section */

/* Begin PBXSourcesBuildPhase section */
		B78F2A3E2A016FF6008B276D /* Sources */ = {
			isa = PBXSourcesBuildPhase;
			buildActionMask = 2147483647;
			files = (
				B78F2A582A0176E1008B276D /* PreviewData.swift in Sources */,
				B78F2A652A0198C5008B276D /* TransactionList.swift in Sources */,
				B78F2A562A017574008B276D /* TransactionModel.swift in Sources */,
				B78F2A632A01863A008B276D /* RecentTransactionList.swift in Sources */,
				B78F2A482A016FF6008B276D /* ContentView.swift in Sources */,
				B78F2A5C2A017810008B276D /* TransactionRow.swift in Sources */,
				B78F2A542A0171EB008B276D /* Extensions.swift in Sources */,
				B78F2A612A017F79008B276D /* TransactionListViewModel.swift in Sources */,
				B78F2A462A016FF6008B276D /* ExpenseTrackerApp.swift in Sources */,
			);
			runOnlyForDeploymentPostprocessing = 0;
		};
/* End PBXSourcesBuildPhase section */

/* Begin XCBuildConfiguration section */
		B78F2A4E2A016FF8008B276D /* Debug */ = {
			isa = XCBuildConfiguration;
			buildSettings = {
				ALWAYS_SEARCH_USER_PATHS = NO;
				CLANG_ANALYZER_NONNULL = YES;
				CLANG_ANALYZER_NUMBER_OBJECT_CONVERSION = YES_AGGRESSIVE;
				CLANG_CXX_LANGUAGE_STANDARD = "gnu++20";
				CLANG_ENABLE_MODULES = YES;
				CLANG_ENABLE_OBJC_ARC = YES;
				CLANG_ENABLE_OBJC_WEAK = YES;
				CLANG_WARN_BLOCK_CAPTURE_AUTORELEASING = YES;
				CLANG_WARN_BOOL_CONVERSION = YES;
				CLANG_WARN_COMMA = YES;
				CLANG_WARN_CONSTANT_CONVERSION = YES;
				CLANG_WARN_DEPRECATED_OBJC_IMPLEMENTATIONS = YES;
				CLANG_WARN_DIRECT_OBJC_ISA_USAGE = YES_ERROR;
				CLANG_WARN_DOCUMENTATION_COMMENTS = YES;
				CLANG_WARN_EMPTY_BODY = YES;
				CLANG_WARN_ENUM_CONVERSION = YES;
				CLANG_WARN_INFINITE_RECURSION = YES;
				CLANG_WARN_INT_CONVERSION = YES;
				CLANG_WARN_NON_LITERAL_NULL_CONVERSION = YES;
				CLANG_WARN_OBJC_IMPLICIT_RETAIN_SELF = YES;
				CLANG_WARN_OBJC_LITERAL_CONVERSION = YES;
				CLANG_WARN_OBJC_ROOT_CLASS = YES_ERROR;
				CLANG_WARN_QUOTED_INCLUDE_IN_FRAMEWORK_HEADER = YES;
				CLANG_WARN_RANGE_LOOP_ANALYSIS = YES;
				CLANG_WARN_STRICT_PROTOTYPES = YES;
				CLANG_WARN_SUSPICIOUS_MOVE = YES;
				CLANG_WARN_UNGUARDED_AVAILABILITY = YES_AGGRESSIVE;
				CLANG_WARN_UNREACHABLE_CODE = YES;
				CLANG_WARN__DUPLICATE_METHOD_MATCH = YES;
				COPY_PHASE_STRIP = NO;
				DEBUG_INFORMATION_FORMAT = dwarf;
				ENABLE_STRICT_OBJC_MSGSEND = YES;
				ENABLE_TESTABILITY = YES;
				GCC_C_LANGUAGE_STANDARD = gnu11;
				GCC_DYNAMIC_NO_PIC = NO;
				GCC_NO_COMMON_BLOCKS = YES;
				GCC_OPTIMIZATION_LEVEL = 0;
				GCC_PREPROCESSOR_DEFINITIONS = (
					"DEBUG=1",
					"$(inherited)",
				);
				GCC_WARN_64_TO_32_BIT_CONVERSION = YES;
				GCC_WARN_ABOUT_RETURN_TYPE = YES_ERROR;
				GCC_WARN_UNDECLARED_SELECTOR = YES;
				GCC_WARN_UNINITIALIZED_AUTOS = YES_AGGRESSIVE;
				GCC_WARN_UNUSED_FUNCTION = YES;
				GCC_WARN_UNUSED_VARIABLE = YES;
				IPHONEOS_DEPLOYMENT_TARGET = 16.2;
				MTL_ENABLE_DEBUG_INFO = INCLUDE_SOURCE;
				MTL_FAST_MATH = YES;
				ONLY_ACTIVE_ARCH = YES;
				SDKROOT = iphoneos;
				SWIFT_ACTIVE_COMPILATION_CONDITIONS = DEBUG;
				SWIFT_OPTIMIZATION_LEVEL = "-Onone";
			};
			name = Debug;
		};
		B78F2A4F2A016FF8008B276D /* Release */ = {
			isa = XCBuildConfiguration;
			buildSettings = {
				ALWAYS_SEARCH_USER_PATHS = NO;
				CLANG_ANALYZER_NONNULL = YES;
				CLANG_ANALYZER_NUMBER_OBJECT_CONVERSION = YES_AGGRESSIVE;
				CLANG_CXX_LANGUAGE_STANDARD = "gnu++20";
				CLANG_ENABLE_MODULES = YES;
				CLANG_ENABLE_OBJC_ARC = YES;
				CLANG_ENABLE_OBJC_WEAK = YES;
				CLANG_WARN_BLOCK_CAPTURE_AUTORELEASING = YES;
				CLANG_WARN_BOOL_CONVERSION = YES;
				CLANG_WARN_COMMA = YES;
				CLANG_WARN_CONSTANT_CONVERSION = YES;
				CLANG_WARN_DEPRECATED_OBJC_IMPLEMENTATIONS = YES;
				CLANG_WARN_DIRECT_OBJC_ISA_USAGE = YES_ERROR;
				CLANG_WARN_DOCUMENTATION_COMMENTS = YES;
				CLANG_WARN_EMPTY_BODY = YES;
				CLANG_WARN_ENUM_CONVERSION = YES;
				CLANG_WARN_INFINITE_RECURSION = YES;
				CLANG_WARN_INT_CONVERSION = YES;
				CLANG_WARN_NON_LITERAL_NULL_CONVERSION = YES;
				CLANG_WARN_OBJC_IMPLICIT_RETAIN_SELF = YES;
				CLANG_WARN_OBJC_LITERAL_CONVERSION = YES;
				CLANG_WARN_OBJC_ROOT_CLASS = YES_ERROR;
				CLANG_WARN_QUOTED_INCLUDE_IN_FRAMEWORK_HEADER = YES;
				CLANG_WARN_RANGE_LOOP_ANALYSIS = YES;
				CLANG_WARN_STRICT_PROTOTYPES = YES;
				CLANG_WARN_SUSPICIOUS_MOVE = YES;
				CLANG_WARN_UNGUARDED_AVAILABILITY = YES_AGGRESSIVE;
				CLANG_WARN_UNREACHABLE_CODE = YES;
				CLANG_WARN__DUPLICATE_METHOD_MATCH = YES;
				COPY_PHASE_STRIP = NO;
				DEBUG_INFORMATION_FORMAT = "dwarf-with-dsym";
				ENABLE_NS_ASSERTIONS = NO;
				ENABLE_STRICT_OBJC_MSGSEND = YES;
				GCC_C_LANGUAGE_STANDARD = gnu11;
				GCC_NO_COMMON_BLOCKS = YES;
				GCC_WARN_64_TO_32_BIT_CONVERSION = YES;
				GCC_WARN_ABOUT_RETURN_TYPE = YES_ERROR;
				GCC_WARN_UNDECLARED_SELECTOR = YES;
				GCC_WARN_UNINITIALIZED_AUTOS = YES_AGGRESSIVE;
				GCC_WARN_UNUSED_FUNCTION = YES;
				GCC_WARN_UNUSED_VARIABLE = YES;
				IPHONEOS_DEPLOYMENT_TARGET = 16.2;
				MTL_ENABLE_DEBUG_INFO = NO;
				MTL_FAST_MATH = YES;
				SDKROOT = iphoneos;
				SWIFT_COMPILATION_MODE = wholemodule;
				SWIFT_OPTIMIZATION_LEVEL = "-O";
				VALIDATE_PRODUCT = YES;
			};
			name = Release;
		};
		B78F2A512A016FF8008B276D /* Debug */ = {
			isa = XCBuildConfiguration;
			buildSettings = {
				ASSETCATALOG_COMPILER_APPICON_NAME = AppIcon;
				ASSETCATALOG_COMPILER_GLOBAL_ACCENT_COLOR_NAME = AccentColor;
				CODE_SIGN_STYLE = Automatic;
				CURRENT_PROJECT_VERSION = 1;
				DEVELOPMENT_ASSET_PATHS = "\"ExpenseTracker/Preview Content\"";
				DEVELOPMENT_TEAM = LK4NY845N3;
				ENABLE_PREVIEWS = YES;
				GENERATE_INFOPLIST_FILE = YES;
				INFOPLIST_KEY_UIApplicationSceneManifest_Generation = YES;
				INFOPLIST_KEY_UIApplicationSupportsIndirectInputEvents = YES;
				INFOPLIST_KEY_UILaunchScreen_Generation = YES;
				INFOPLIST_KEY_UISupportedInterfaceOrientations_iPad = "UIInterfaceOrientationPortrait UIInterfaceOrientationPortraitUpsideDown UIInterfaceOrientationLandscapeLeft UIInterfaceOrientationLandscapeRight";
				INFOPLIST_KEY_UISupportedInterfaceOrientations_iPhone = "UIInterfaceOrientationPortrait UIInterfaceOrientationLandscapeLeft UIInterfaceOrientationLandscapeRight";
				LD_RUNPATH_SEARCH_PATHS = (
					"$(inherited)",
					"@executable_path/Frameworks",
				);
				MARKETING_VERSION = 1.0;
				PRODUCT_BUNDLE_IDENTIFIER = asadbek.com.ExpenseTracker;
				PRODUCT_NAME = "$(TARGET_NAME)";
				SWIFT_EMIT_LOC_STRINGS = YES;
				SWIFT_VERSION = 5.0;
				TARGETED_DEVICE_FAMILY = "1,2";
			};
			name = Debug;
		};
		B78F2A522A016FF8008B276D /* Release */ = {
			isa = XCBuildConfiguration;
			buildSettings = {
				ASSETCATALOG_COMPILER_APPICON_NAME = AppIcon;
				ASSETCATALOG_COMPILER_GLOBAL_ACCENT_COLOR_NAME = AccentColor;
				CODE_SIGN_STYLE = Automatic;
				CURRENT_PROJECT_VERSION = 1;
				DEVELOPMENT_ASSET_PATHS = "\"ExpenseTracker/Preview Content\"";
				DEVELOPMENT_TEAM = LK4NY845N3;
				ENABLE_PREVIEWS = YES;
				GENERATE_INFOPLIST_FILE = YES;
				INFOPLIST_KEY_UIApplicationSceneManifest_Generation = YES;
				INFOPLIST_KEY_UIApplicationSupportsIndirectInputEvents = YES;
				INFOPLIST_KEY_UILaunchScreen_Generation = YES;
				INFOPLIST_KEY_UISupportedInterfaceOrientations_iPad = "UIInterfaceOrientationPortrait UIInterfaceOrientationPortraitUpsideDown UIInterfaceOrientationLandscapeLeft UIInterfaceOrientationLandscapeRight";
				INFOPLIST_KEY_UISupportedInterfaceOrientations_iPhone = "UIInterfaceOrientationPortrait UIInterfaceOrientationLandscapeLeft UIInterfaceOrientationLandscapeRight";
				LD_RUNPATH_SEARCH_PATHS = (
					"$(inherited)",
					"@executable_path/Frameworks",
				);
				MARKETING_VERSION = 1.0;
				PRODUCT_BUNDLE_IDENTIFIER = asadbek.com.ExpenseTracker;
				PRODUCT_NAME = "$(TARGET_NAME)";
				SWIFT_EMIT_LOC_STRINGS = YES;
				SWIFT_VERSION = 5.0;
				TARGETED_DEVICE_FAMILY = "1,2";
			};
			name = Release;
		};
/* End XCBuildConfiguration section */

/* Begin XCConfigurationList section */
		B78F2A3D2A016FF6008B276D /* Build configuration list for PBXProject "ExpenseTracker" */ = {
			isa = XCConfigurationList;
			buildConfigurations = (
				B78F2A4E2A016FF8008B276D /* Debug */,
				B78F2A4F2A016FF8008B276D /* Release */,
			);
			defaultConfigurationIsVisible = 0;
			defaultConfigurationName = Release;
		};
		B78F2A502A016FF8008B276D /* Build configuration list for PBXNativeTarget "ExpenseTracker" */ = {
			isa = XCConfigurationList;
			buildConfigurations = (
				B78F2A512A016FF8008B276D /* Debug */,
				B78F2A522A016FF8008B276D /* Release */,
			);
			defaultConfigurationIsVisible = 0;
			defaultConfigurationName = Release;
		};
/* End XCConfigurationList section */

/* Begin XCRemoteSwiftPackageReference section */
		B78F2A5D2A017E76008B276D /* XCRemoteSwiftPackageReference "SwiftUIFontIcon" */ = {
			isa = XCRemoteSwiftPackageReference;
			repositoryURL = "https://github.com/huybuidac/SwiftUIFontIcon.git";
			requirement = {
				branch = master;
				kind = branch;
			};
		};
		B78F2A662A019D4B008B276D /* XCRemoteSwiftPackageReference "swift-collections" */ = {
			isa = XCRemoteSwiftPackageReference;
			repositoryURL = "https://github.com/apple/swift-collections.git";
			requirement = {
				kind = upToNextMajorVersion;
				minimumVersion = 1.0.2;
			};
		};
		B78F2A692A019E4A008B276D /* XCRemoteSwiftPackageReference "ChartView" */ = {
			isa = XCRemoteSwiftPackageReference;
			repositoryURL = "https://github.com/AppPear/ChartView";
			requirement = {
				kind = exactVersion;
				version = "2.0.0-beta.2";
			};
		};
/* End XCRemoteSwiftPackageReference section */

/* Begin XCSwiftPackageProductDependency section */
		B78F2A5E2A017E76008B276D /* SwiftUIFontIcon */ = {
			isa = XCSwiftPackageProductDependency;
			package = B78F2A5D2A017E76008B276D /* XCRemoteSwiftPackageReference "SwiftUIFontIcon" */;
			productName = SwiftUIFontIcon;
		};
		B78F2A672A019D4B008B276D /* Collections */ = {
			isa = XCSwiftPackageProductDependency;
			package = B78F2A662A019D4B008B276D /* XCRemoteSwiftPackageReference "swift-collections" */;
			productName = Collections;
		};
		B78F2A6A2A019E4A008B276D /* SwiftUICharts */ = {
			isa = XCSwiftPackageProductDependency;
			package = B78F2A692A019E4A008B276D /* XCRemoteSwiftPackageReference "ChartView" */;
			productName = SwiftUICharts;
		};
/* End XCSwiftPackageProductDependency section */
	};
	rootObject = B78F2A3A2A016FF6008B276D /* Project object */;
}
